
Microsoft Visual Studio Solution File, Format Version 12.00
# Visual Studio Version 17
VisualStudioVersion = 17.11.35219.272
MinimumVisualStudioVersion = 10.0.40219.1
Project("{9A19103F-16F7-4668-BE54-9A1E7A4F7556}") = "DiceRoller", "DnDDiceRoller\DiceRoller.csproj", "{15B71F6C-1988-420A-AD59-9CE41F1FA8E4}"
EndProject
Global
	GlobalSection(SolutionConfigurationPlatforms) = preSolution
		Debug|Any CPU = Debug|Any CPU
		Release|Any CPU = Release|Any CPU
	EndGlobalSection
	GlobalSection(ProjectConfigurationPlatforms) = postSolution
		{15B71F6C-1988-420A-AD59-9CE41F1FA8E4}.Debug|Any CPU.ActiveCfg = Debug|Any CPU
		{15B71F6C-1988-420A-AD59-9CE41F1FA8E4}.Debug|Any CPU.Build.0 = Debug|Any CPU
		{15B71F6C-1988-420A-AD59-9CE41F1FA8E4}.Debug|Any CPU.Deploy.0 = Debug|Any CPU
		{15B71F6C-1988-420A-AD59-9CE41F1FA8E4}.Release|Any CPU.ActiveCfg = Release|Any CPU
		{15B71F6C-1988-420A-AD59-9CE41F1FA8E4}.Release|Any CPU.Build.0 = Release|Any CPU
		{15B71F6C-1988-420A-AD59-9CE41F1FA8E4}.Release|Any CPU.Deploy.0 = Release|Any CPU
	EndGlobalSection
	GlobalSection(SolutionProperties) = preSolution
		HideSolutionNode = FALSE
	EndGlobalSection
	GlobalSection(ExtensibilityGlobals) = postSolution
		SolutionGuid = {E7ED96B7-C880-49C9-B21B-198E015A38F9}
	EndGlobalSection
EndGlobal
